{
  "name": "github-actions-docker-ipv6-repro",
  "version": "1.0.0",
  "lockfileVersion": 1,
  "requires": true,
  "dependencies": {
    "@prisma/engines": {
      "version": "2.18.0-1.a32a0f902e871ab499dfd7b90ffa274bd3ce646a",
      "resolved": "https://registry.npmjs.org/@prisma/engines/-/engines-2.18.0-1.a32a0f902e871ab499dfd7b90ffa274bd3ce646a.tgz",
      "integrity": "sha512-0TvKqDBN13CR1GqVlp7Bm14+99tq/oOxBCXS7mH8N6OmjwKoKH/ZnguyrNtxpbTH+1cEAWuoUeOO9CA+QqEstg=="
    },
    "prisma": {
      "version": "2.18.0-dev.7",
      "resolved": "https://registry.npmjs.org/prisma/-/prisma-2.18.0-dev.7.tgz",
      "integrity": "sha512-rCSDNxWT/xPkMKqSFSV4P8N5kQGzdbwwzHn1V01e7gkcdoTDvz+OjMyJ9LVJlwj6c0vxxOgD8bfqHhdADUVs7A==",
      "requires": {
        "@prisma/engines": "2.18.0-1.a32a0f902e871ab499dfd7b90ffa274bd3ce646a"
      }
    }
  }
}
