{
  "name": "github-actions-docker-ipv6-repro",
  "version": "1.0.0",
  "lockfileVersion": 1,
  "requires": true,
  "dependencies": {
    "@prisma/engines": {
      "version": "2.16.0-44.854c8ba7f0dce66f115af36af24e66989a8c02a1",
      "resolved": "https://registry.npmjs.org/@prisma/engines/-/engines-2.16.0-44.854c8ba7f0dce66f115af36af24e66989a8c02a1.tgz",
      "integrity": "sha512-vt8w+vqCEaTUGZes7mrY5BkF3zZIPTQ9x+C9Ynmr9d+WW54vTqJt7lDFS6eps0LYoqdcCHEs3r/SydCqjII+OQ=="
    },
    "prisma": {
      "version": "2.16.0",
      "resolved": "https://registry.npmjs.org/prisma/-/prisma-2.16.0.tgz",
      "integrity": "sha512-tV+28U0dfmuC0lRWZlqI3PLx+5U2UFw4h5fikBexglXsMOE60S732UDnQPOKS/wztJE7EDS36lk6FInFVDpkPQ==",
      "requires": {
        "@prisma/engines": "2.16.0-44.854c8ba7f0dce66f115af36af24e66989a8c02a1"
      }
    }
  }
}
